
Microsoft Visual Studio Solution File, Format Version 12.00
# Visual Studio Version 16
VisualStudioVersion = 16.0.32126.315
MinimumVisualStudioVersion = 10.0.40219.1
Project("{FAE04EC0-301F-11D3-BF4B-00C04F79EFBC}") = "OISB2B.Android", "OISB2B\OISB2B.Android\OISB2B.Android.csproj", "{EAF26358-27B5-4E00-8358-9ADDAF17A865}"
EndProject
Project("{FAE04EC0-301F-11D3-BF4B-00C04F79EFBC}") = "OISB2B.iOS", "OISB2B\OISB2B.iOS\OISB2B.iOS.csproj", "{20F69CB3-13B2-4246-B96B-BEFC9EEF2188}"
EndProject
Project("{FAE04EC0-301F-11D3-BF4B-00C04F79EFBC}") = "OISB2B", "OISB2B\OISB2B\OISB2B.csproj", "{4A890921-13BE-4651-988B-0FF7B5239E61}"
EndProject
Global
	GlobalSection(SolutionConfigurationPlatforms) = preSolution
		Debug|Any CPU = Debug|Any CPU
		Debug|iPhone = Debug|iPhone
		Debug|iPhoneSimulator = Debug|iPhoneSimulator
		Release|Any CPU = Release|Any CPU
		Release|iPhone = Release|iPhone
		Release|iPhoneSimulator = Release|iPhoneSimulator
	EndGlobalSection
	GlobalSection(ProjectConfigurationPlatforms) = postSolution
		{EAF26358-27B5-4E00-8358-9ADDAF17A865}.Debug|Any CPU.ActiveCfg = Debug|Any CPU
		{EAF26358-27B5-4E00-8358-9ADDAF17A865}.Debug|Any CPU.Build.0 = Debug|Any CPU
		{EAF26358-27B5-4E00-8358-9ADDAF17A865}.Debug|Any CPU.Deploy.0 = Debug|Any CPU
		{EAF26358-27B5-4E00-8358-9ADDAF17A865}.Debug|iPhone.ActiveCfg = Debug|Any CPU
		{EAF26358-27B5-4E00-8358-9ADDAF17A865}.Debug|iPhone.Build.0 = Debug|Any CPU
		{EAF26358-27B5-4E00-8358-9ADDAF17A865}.Debug|iPhone.Deploy.0 = Debug|Any CPU
		{EAF26358-27B5-4E00-8358-9ADDAF17A865}.Debug|iPhoneSimulator.ActiveCfg = Debug|Any CPU
		{EAF26358-27B5-4E00-8358-9ADDAF17A865}.Debug|iPhoneSimulator.Build.0 = Debug|Any CPU
		{EAF26358-27B5-4E00-8358-9ADDAF17A865}.Debug|iPhoneSimulator.Deploy.0 = Debug|Any CPU
		{EAF26358-27B5-4E00-8358-9ADDAF17A865}.Release|Any CPU.ActiveCfg = Release|Any CPU
		{EAF26358-27B5-4E00-8358-9ADDAF17A865}.Release|Any CPU.Build.0 = Release|Any CPU
		{EAF26358-27B5-4E00-8358-9ADDAF17A865}.Release|Any CPU.Deploy.0 = Release|Any CPU
		{EAF26358-27B5-4E00-8358-9ADDAF17A865}.Release|iPhone.ActiveCfg = Release|Any CPU
		{EAF26358-27B5-4E00-8358-9ADDAF17A865}.Release|iPhone.Build.0 = Release|Any CPU
		{EAF26358-27B5-4E00-8358-9ADDAF17A865}.Release|iPhone.Deploy.0 = Release|Any CPU
		{EAF26358-27B5-4E00-8358-9ADDAF17A865}.Release|iPhoneSimulator.ActiveCfg = Release|Any CPU
		{EAF26358-27B5-4E00-8358-9ADDAF17A865}.Release|iPhoneSimulator.Build.0 = Release|Any CPU
		{EAF26358-27B5-4E00-8358-9ADDAF17A865}.Release|iPhoneSimulator.Deploy.0 = Release|Any CPU
		{20F69CB3-13B2-4246-B96B-BEFC9EEF2188}.Debug|Any CPU.ActiveCfg = Debug|iPhone
		{20F69CB3-13B2-4246-B96B-BEFC9EEF2188}.Debug|Any CPU.Build.0 = Debug|iPhone
		{20F69CB3-13B2-4246-B96B-BEFC9EEF2188}.Debug|Any CPU.Deploy.0 = Debug|iPhone
		{20F69CB3-13B2-4246-B96B-BEFC9EEF2188}.Debug|iPhone.ActiveCfg = Debug|iPhone
		{20F69CB3-13B2-4246-B96B-BEFC9EEF2188}.Debug|iPhone.Build.0 = Debug|iPhone
		{20F69CB3-13B2-4246-B96B-BEFC9EEF2188}.Debug|iPhone.Deploy.0 = Debug|iPhone
		{20F69CB3-13B2-4246-B96B-BEFC9EEF2188}.Debug|iPhoneSimulator.ActiveCfg = Debug|iPhoneSimulator
		{20F69CB3-13B2-4246-B96B-BEFC9EEF2188}.Debug|iPhoneSimulator.Build.0 = Debug|iPhoneSimulator
		{20F69CB3-13B2-4246-B96B-BEFC9EEF2188}.Debug|iPhoneSimulator.Deploy.0 = Debug|iPhoneSimulator
		{20F69CB3-13B2-4246-B96B-BEFC9EEF2188}.Release|Any CPU.ActiveCfg = Release|iPhoneSimulator
		{20F69CB3-13B2-4246-B96B-BEFC9EEF2188}.Release|Any CPU.Build.0 = Release|iPhoneSimulator
		{20F69CB3-13B2-4246-B96B-BEFC9EEF2188}.Release|Any CPU.Deploy.0 = Release|iPhoneSimulator
		{20F69CB3-13B2-4246-B96B-BEFC9EEF2188}.Release|iPhone.ActiveCfg = Release|iPhone
		{20F69CB3-13B2-4246-B96B-BEFC9EEF2188}.Release|iPhone.Build.0 = Release|iPhone
		{20F69CB3-13B2-4246-B96B-BEFC9EEF2188}.Release|iPhone.Deploy.0 = Release|iPhone
		{20F69CB3-13B2-4246-B96B-BEFC9EEF2188}.Release|iPhoneSimulator.ActiveCfg = Release|iPhoneSimulator
		{20F69CB3-13B2-4246-B96B-BEFC9EEF2188}.Release|iPhoneSimulator.Build.0 = Release|iPhoneSimulator
		{20F69CB3-13B2-4246-B96B-BEFC9EEF2188}.Release|iPhoneSimulator.Deploy.0 = Release|iPhoneSimulator
		{4A890921-13BE-4651-988B-0FF7B5239E61}.Debug|Any CPU.ActiveCfg = Debug|Any CPU
		{4A890921-13BE-4651-988B-0FF7B5239E61}.Debug|Any CPU.Build.0 = Debug|Any CPU
		{4A890921-13BE-4651-988B-0FF7B5239E61}.Debug|Any CPU.Deploy.0 = Debug|Any CPU
		{4A890921-13BE-4651-988B-0FF7B5239E61}.Debug|iPhone.ActiveCfg = Debug|Any CPU
		{4A890921-13BE-4651-988B-0FF7B5239E61}.Debug|iPhone.Build.0 = Debug|Any CPU
		{4A890921-13BE-4651-988B-0FF7B5239E61}.Debug|iPhone.Deploy.0 = Debug|Any CPU
		{4A890921-13BE-4651-988B-0FF7B5239E61}.Debug|iPhoneSimulator.ActiveCfg = Debug|Any CPU
		{4A890921-13BE-4651-988B-0FF7B5239E61}.Debug|iPhoneSimulator.Build.0 = Debug|Any CPU
		{4A890921-13BE-4651-988B-0FF7B5239E61}.Debug|iPhoneSimulator.Deploy.0 = Debug|Any CPU
		{4A890921-13BE-4651-988B-0FF7B5239E61}.Release|Any CPU.ActiveCfg = Release|Any CPU
		{4A890921-13BE-4651-988B-0FF7B5239E61}.Release|Any CPU.Build.0 = Release|Any CPU
		{4A890921-13BE-4651-988B-0FF7B5239E61}.Release|Any CPU.Deploy.0 = Release|Any CPU
		{4A890921-13BE-4651-988B-0FF7B5239E61}.Release|iPhone.ActiveCfg = Release|Any CPU
		{4A890921-13BE-4651-988B-0FF7B5239E61}.Release|iPhone.Build.0 = Release|Any CPU
		{4A890921-13BE-4651-988B-0FF7B5239E61}.Release|iPhone.Deploy.0 = Release|Any CPU
		{4A890921-13BE-4651-988B-0FF7B5239E61}.Release|iPhoneSimulator.ActiveCfg = Release|Any CPU
		{4A890921-13BE-4651-988B-0FF7B5239E61}.Release|iPhoneSimulator.Build.0 = Release|Any CPU
		{4A890921-13BE-4651-988B-0FF7B5239E61}.Release|iPhoneSimulator.Deploy.0 = Release|Any CPU
	EndGlobalSection
	GlobalSection(SolutionProperties) = preSolution
		HideSolutionNode = FALSE
	EndGlobalSection
	GlobalSection(ExtensibilityGlobals) = postSolution
		SolutionGuid = {EC8CCA8C-8D98-4CA1-8CF0-C7DF5F51A8EF}
	EndGlobalSection
EndGlobal
